{
  "nodes": {
    "flake-utils": {
      "locked": {
        "lastModified": 1631561581,
        "narHash": "sha256-3VQMV5zvxaVLvqqUrNz3iJelLw30mIVSfZmAaauM3dA=",
        "owner": "numtide",
        "repo": "flake-utils",
        "rev": "7e5bf3925f6fbdfaf50a2a7ca0be2879c4261d19",
        "type": "github"
      },
      "original": {
        "owner": "numtide",
        "repo": "flake-utils",
        "type": "github"
      }
    },
    "naersk": {
      "inputs": {
        "nixpkgs": [
          "nixpkgs"
        ]
      },
      "locked": {
        "lastModified": 1631004250,
        "narHash": "sha256-LGh0CjAZwh13AVkTi9w9lITEC7x6bwSQyFViOZ6HyNo=",
        "owner": "nmattia",
        "repo": "naersk",
        "rev": "08afb3d1dbfe016108b72e05b02ba0f6ecb3c8e1",
        "type": "github"
      },
      "original": {
        "owner": "nmattia",
        "repo": "naersk",
        "type": "github"
      }
    },
    "nixpkgs": {
      "locked": {
        "lastModified": 1631785487,
        "narHash": "sha256-VSKEvOtaY/roDxEHFxXh6GguOqqWCJZ3E06fBdKu8+I=",
        "owner": "nixos",
        "repo": "nixpkgs",
        "rev": "79c444b5bdeaba142d128afddee14c89ecf2a968",
        "type": "github"
      },
      "original": {
        "owner": "nixos",
        "ref": "nixos-unstable",
        "repo": "nixpkgs",
        "type": "github"
      }
    },
    "root": {
      "inputs": {
        "flake-utils": "flake-utils",
        "naersk": "naersk",
        "nixpkgs": "nixpkgs"
      }
    }
  },
  "root": "root",
  "version": 7
}
